
Microsoft Visual Studio Solution File, Format Version 12.00
# Visual Studio 15
VisualStudioVersion = 15.0.28307.1525
MinimumVisualStudioVersion = 10.0.40219.1
Project("{8BC9CEB8-8B4A-11D0-8D11-00A0C91BC942}") = "MyVSproject", "MyVSproject\MyVSproject.vcxproj", "{24FF7E21-F9B2-4CCB-A927-41CEF44148DD}"
EndProject
Global
	GlobalSection(SolutionConfigurationPlatforms) = preSolution
		Debug|x64 = Debug|x64
		Debug|x86 = Debug|x86
		Release|x64 = Release|x64
		Release|x86 = Release|x86
	EndGlobalSection
	GlobalSection(ProjectConfigurationPlatforms) = postSolution
		{24FF7E21-F9B2-4CCB-A927-41CEF44148DD}.Debug|x64.ActiveCfg = Debug|x64
		{24FF7E21-F9B2-4CCB-A927-41CEF44148DD}.Debug|x64.Build.0 = Debug|x64
		{24FF7E21-F9B2-4CCB-A927-41CEF44148DD}.Debug|x86.ActiveCfg = Debug|Win32
		{24FF7E21-F9B2-4CCB-A927-41CEF44148DD}.Debug|x86.Build.0 = Debug|Win32
		{24FF7E21-F9B2-4CCB-A927-41CEF44148DD}.Release|x64.ActiveCfg = Release|x64
		{24FF7E21-F9B2-4CCB-A927-41CEF44148DD}.Release|x64.Build.0 = Release|x64
		{24FF7E21-F9B2-4CCB-A927-41CEF44148DD}.Release|x86.ActiveCfg = Release|Win32
		{24FF7E21-F9B2-4CCB-A927-41CEF44148DD}.Release|x86.Build.0 = Release|Win32
	EndGlobalSection
	GlobalSection(SolutionProperties) = preSolution
		HideSolutionNode = FALSE
	EndGlobalSection
	GlobalSection(ExtensibilityGlobals) = postSolution
		SolutionGuid = {7BCBF545-07F6-4651-98CA-28851740700D}
	EndGlobalSection
EndGlobal
